# This file is automatically @generated by Cargo.
# It is not intended for manual editing.
version = 3

[[package]]
name = "a01_helloworld"
version = "0.1.0"

[[package]]
name = "a02_variables"
version = "0.1.0"

[[package]]
name = "a03_datatypes"
version = "0.1.0"

[[package]]
name = "a04_function"
version = "0.1.0"

[[package]]
name = "a05_control_flow"
version = "0.1.0"

[[package]]
name = "a06_ownership"
version = "0.1.0"

[[package]]
name = "a07_reference_borrow"
version = "0.1.0"

[[package]]
name = "a08_structs"
version = "0.1.0"

[[package]]
name = "a09_method_syntax"
version = "0.1.0"

[[package]]
name = "a10_enums"
version = "0.1.0"

[[package]]
name = "a11_opiton"
version = "0.1.0"

[[package]]
name = "a12_match"
version = "0.1.0"

[[package]]
name = "a13_package"
version = "0.1.0"
dependencies = [
 "restaurant",
]

[[package]]
name = "a14_collections"
version = "0.1.0"

[[package]]
name = "a15_error"
version = "0.1.0"

[[package]]
name = "a16_typeinto"
version = "0.1.0"

[[package]]
name = "a20_lifecycle"
version = "0.1.0"

[[package]]
name = "a21_closure"
version = "0.1.0"

[[package]]
name = "a22_my_macro"
version = "0.1.0"
dependencies = [
 "hello_macro",
 "hello_macro_derive",
]

[[package]]
name = "hello_macro"
version = "0.1.0"

[[package]]
name = "hello_macro_derive"
version = "0.1.0"
dependencies = [
 "quote",
 "syn",
]

[[package]]
name = "proc-macro2"
version = "1.0.36"
source = "registry+https://github.com/rust-lang/crates.io-index"
checksum = "c7342d5883fbccae1cc37a2353b09c87c9b0f3afd73f5fb9bba687a1f733b029"
dependencies = [
 "unicode-xid",
]

[[package]]
name = "quote"
version = "1.0.15"
source = "registry+https://github.com/rust-lang/crates.io-index"
checksum = "864d3e96a899863136fc6e99f3d7cae289dafe43bf2c5ac19b70df7210c0a145"
dependencies = [
 "proc-macro2",
]

[[package]]
name = "restaurant"
version = "0.1.0"

[[package]]
name = "syn"
version = "1.0.86"
source = "registry+https://github.com/rust-lang/crates.io-index"
checksum = "8a65b3f4ffa0092e9887669db0eae07941f023991ab58ea44da8fe8e2d511c6b"
dependencies = [
 "proc-macro2",
 "quote",
 "unicode-xid",
]

[[package]]
name = "unicode-xid"
version = "0.2.2"
source = "registry+https://github.com/rust-lang/crates.io-index"
checksum = "8ccb82d61f80a663efe1f787a51b16b5a51e3314d6ac365b08639f52387b33f3"
